
Microsoft Visual Studio Solution File, Format Version 12.00
# Visual Studio Version 17
VisualStudioVersion = 17.5.33516.290
MinimumVisualStudioVersion = 10.0.40219.1
Project("{FAE04EC0-301F-11D3-BF4B-00C04F79EFBC}") = "WPF_Автосалон", "WPF_Автосалон.csproj", "{434AC70C-59EB-4994-8133-9F75A3C5951F}"
EndProject
Global
	GlobalSection(SolutionConfigurationPlatforms) = preSolution
		Debug|Any CPU = Debug|Any CPU
		Release|Any CPU = Release|Any CPU
	EndGlobalSection
	GlobalSection(ProjectConfigurationPlatforms) = postSolution
		{434AC70C-59EB-4994-8133-9F75A3C5951F}.Debug|Any CPU.ActiveCfg = Debug|Any CPU
		{434AC70C-59EB-4994-8133-9F75A3C5951F}.Debug|Any CPU.Build.0 = Debug|Any CPU
		{434AC70C-59EB-4994-8133-9F75A3C5951F}.Release|Any CPU.ActiveCfg = Release|Any CPU
		{434AC70C-59EB-4994-8133-9F75A3C5951F}.Release|Any CPU.Build.0 = Release|Any CPU
	EndGlobalSection
	GlobalSection(SolutionProperties) = preSolution
		HideSolutionNode = FALSE
	EndGlobalSection
	GlobalSection(ExtensibilityGlobals) = postSolution
		SolutionGuid = {8DB14585-32D2-412D-8C3F-3DE0D93A74F1}
	EndGlobalSection
EndGlobal
